// !$*UTF8*$!
{
	archiveVersion = 1;
	classes = {
	};
	objectVersion = 46;
	objects = {

/* Begin PBXBuildFile section */
		88315BB91E15E44600EAFB9B /* AppDelegate.swift in Sources */ = {isa = PBXBuildFile; fileRef = 88315BB81E15E44600EAFB9B /* AppDelegate.swift */; };
		88315BBB1E15E44600EAFB9B /* MessagesController.swift in Sources */ = {isa = PBXBuildFile; fileRef = 88315BBA1E15E44600EAFB9B /* MessagesController.swift */; };
		88315BC01E15E44600EAFB9B /* Assets.xcassets in Resources */ = {isa = PBXBuildFile; fileRef = 88315BBF1E15E44600EAFB9B /* Assets.xcassets */; };
		88315BC31E15E44600EAFB9B /* LaunchScreen.storyboard in Resources */ = {isa = PBXBuildFile; fileRef = 88315BC11E15E44600EAFB9B /* LaunchScreen.storyboard */; };
		887B0C911E174BA500BCDF43 /* Extensions.swift in Sources */ = {isa = PBXBuildFile; fileRef = 887B0C901E174BA500BCDF43 /* Extensions.swift */; };
		887B0C931E17618500BCDF43 /* ChatLogController.swift in Sources */ = {isa = PBXBuildFile; fileRef = 887B0C921E17618500BCDF43 /* ChatLogController.swift */; };
		88883C081E16CAE300CA8DF1 /* loginViewController.swift in Sources */ = {isa = PBXBuildFile; fileRef = 88883C071E16CAE300CA8DF1 /* loginViewController.swift */; };
		88883C0A1E16EBD500CA8DF1 /* GoogleService-Info.plist in Resources */ = {isa = PBXBuildFile; fileRef = 88883C091E16EBD500CA8DF1 /* GoogleService-Info.plist */; };
		88883C0C1E170DEA00CA8DF1 /* newMessageController.swift in Sources */ = {isa = PBXBuildFile; fileRef = 88883C0B1E170DEA00CA8DF1 /* newMessageController.swift */; };
		88B4D6121E18242000722754 /* Message.swift in Sources */ = {isa = PBXBuildFile; fileRef = 88B4D6111E18242000722754 /* Message.swift */; };
		88B4D6141E182F0800722754 /* UserCell.swift in Sources */ = {isa = PBXBuildFile; fileRef = 88B4D6131E182F0800722754 /* UserCell.swift */; };
		88B4D6161E187B2100722754 /* ChatMessageCell.swift in Sources */ = {isa = PBXBuildFile; fileRef = 88B4D6151E187B2100722754 /* ChatMessageCell.swift */; };
		88D9F2B61E17151C0081E7F7 /* User.swift in Sources */ = {isa = PBXBuildFile; fileRef = 88D9F2B51E17151C0081E7F7 /* User.swift */; };
		88D9F2B81E171F3C0081E7F7 /* loginViewController+handlers.swift in Sources */ = {isa = PBXBuildFile; fileRef = 88D9F2B71E171F3C0081E7F7 /* loginViewController+handlers.swift */; };
		A3B2914A6352ADAF2EF85BCB /* Pods_starwarschat.framework in Frameworks */ = {isa = PBXBuildFile; fileRef = E40D98EC2CFA7105C3190672 /* Pods_starwarschat.framework */; };
/* End PBXBuildFile section */

/* Begin PBXFileReference section */
		88315BB51E15E44600EAFB9B /* starwarschat.app */ = {isa = PBXFileReference; explicitFileType = wrapper.application; includeInIndex = 0; path = starwarschat.app; sourceTree = BUILT_PRODUCTS_DIR; };
		88315BB81E15E44600EAFB9B /* AppDelegate.swift */ = {isa = PBXFileReference; lastKnownFileType = sourcecode.swift; path = AppDelegate.swift; sourceTree = "<group>"; };
		88315BBA1E15E44600EAFB9B /* MessagesController.swift */ = {isa = PBXFileReference; lastKnownFileType = sourcecode.swift; name = MessagesController.swift; path = starwarschat/MessagesController.swift; sourceTree = "<group>"; };
		88315BBF1E15E44600EAFB9B /* Assets.xcassets */ = {isa = PBXFileReference; lastKnownFileType = folder.assetcatalog; path = Assets.xcassets; sourceTree = "<group>"; };
		88315BC21E15E44600EAFB9B /* Base */ = {isa = PBXFileReference; lastKnownFileType = file.storyboard; name = Base; path = Base.lproj/LaunchScreen.storyboard; sourceTree = "<group>"; };
		88315BC41E15E44600EAFB9B /* Info.plist */ = {isa = PBXFileReference; lastKnownFileType = text.plist.xml; path = Info.plist; sourceTree = "<group>"; };
		887B0C901E174BA500BCDF43 /* Extensions.swift */ = {isa = PBXFileReference; fileEncoding = 4; lastKnownFileType = sourcecode.swift; path = Extensions.swift; sourceTree = "<group>"; };
		887B0C921E17618500BCDF43 /* ChatLogController.swift */ = {isa = PBXFileReference; fileEncoding = 4; lastKnownFileType = sourcecode.swift; path = ChatLogController.swift; sourceTree = "<group>"; };
		88883C071E16CAE300CA8DF1 /* loginViewController.swift */ = {isa = PBXFileReference; fileEncoding = 4; lastKnownFileType = sourcecode.swift; path = loginViewController.swift; sourceTree = "<group>"; };
		88883C091E16EBD500CA8DF1 /* GoogleService-Info.plist */ = {isa = PBXFileReference; fileEncoding = 4; lastKnownFileType = text.plist.xml; path = "GoogleService-Info.plist"; sourceTree = "<group>"; };
		88883C0B1E170DEA00CA8DF1 /* newMessageController.swift */ = {isa = PBXFileReference; fileEncoding = 4; lastKnownFileType = sourcecode.swift; path = newMessageController.swift; sourceTree = "<group>"; };
		88B4D6111E18242000722754 /* Message.swift */ = {isa = PBXFileReference; fileEncoding = 4; lastKnownFileType = sourcecode.swift; path = Message.swift; sourceTree = "<group>"; };
		88B4D6131E182F0800722754 /* UserCell.swift */ = {isa = PBXFileReference; fileEncoding = 4; lastKnownFileType = sourcecode.swift; path = UserCell.swift; sourceTree = "<group>"; };
		88B4D6151E187B2100722754 /* ChatMessageCell.swift */ = {isa = PBXFileReference; fileEncoding = 4; lastKnownFileType = sourcecode.swift; path = ChatMessageCell.swift; sourceTree = "<group>"; };
		88D9F2B51E17151C0081E7F7 /* User.swift */ = {isa = PBXFileReference; fileEncoding = 4; lastKnownFileType = sourcecode.swift; path = User.swift; sourceTree = "<group>"; };
		88D9F2B71E171F3C0081E7F7 /* loginViewController+handlers.swift */ = {isa = PBXFileReference; fileEncoding = 4; lastKnownFileType = sourcecode.swift; path = "loginViewController+handlers.swift"; sourceTree = "<group>"; };
		CC5F685FABFF01DEAC50709C /* Pods-starwarschat.debug.xcconfig */ = {isa = PBXFileReference; includeInIndex = 1; lastKnownFileType = text.xcconfig; name = "Pods-starwarschat.debug.xcconfig"; path = "Pods/Target Support Files/Pods-starwarschat/Pods-starwarschat.debug.xcconfig"; sourceTree = "<group>"; };
		E40D98EC2CFA7105C3190672 /* Pods_starwarschat.framework */ = {isa = PBXFileReference; explicitFileType = wrapper.framework; includeInIndex = 0; path = Pods_starwarschat.framework; sourceTree = BUILT_PRODUCTS_DIR; };
		E9784A8AE799614A4DC01D30 /* Pods-starwarschat.release.xcconfig */ = {isa = PBXFileReference; includeInIndex = 1; lastKnownFileType = text.xcconfig; name = "Pods-starwarschat.release.xcconfig"; path = "Pods/Target Support Files/Pods-starwarschat/Pods-starwarschat.release.xcconfig"; sourceTree = "<group>"; };
/* End PBXFileReference section */

/* Begin PBXFrameworksBuildPhase section */
		88315BB21E15E44600EAFB9B /* Frameworks */ = {
			isa = PBXFrameworksBuildPhase;
			buildActionMask = 2147483647;
			files = (
				A3B2914A6352ADAF2EF85BCB /* Pods_starwarschat.framework in Frameworks */,
			);
			runOnlyForDeploymentPostprocessing = 0;
		};
/* End PBXFrameworksBuildPhase section */

/* Begin PBXGroup section */
		59F8248EC132999FED00EBB2 /* Pods */ = {
			isa = PBXGroup;
			children = (
				CC5F685FABFF01DEAC50709C /* Pods-starwarschat.debug.xcconfig */,
				E9784A8AE799614A4DC01D30 /* Pods-starwarschat.release.xcconfig */,
			);
			name = Pods;
			sourceTree = "<group>";
		};
		88315BAC1E15E44600EAFB9B = {
			isa = PBXGroup;
			children = (
				887B0C8F1E174B8B00BCDF43 /* Helpers */,
				888D13371E16C7E0007A3D18 /* view */,
				888D13361E16C7D8007A3D18 /* model */,
				88315BB71E15E44600EAFB9B /* starwarschat */,
				88315BB61E15E44600EAFB9B /* Products */,
				59F8248EC132999FED00EBB2 /* Pods */,
				F39ED57FDD4F75D8EDA67E26 /* Frameworks */,
			);
			sourceTree = "<group>";
		};
		88315BB61E15E44600EAFB9B /* Products */ = {
			isa = PBXGroup;
			children = (
				88315BB51E15E44600EAFB9B /* starwarschat.app */,
			);
			name = Products;
			sourceTree = "<group>";
		};
		88315BB71E15E44600EAFB9B /* starwarschat */ = {
			isa = PBXGroup;
			children = (
				88315BB81E15E44600EAFB9B /* AppDelegate.swift */,
				88315BBF1E15E44600EAFB9B /* Assets.xcassets */,
				88315BC11E15E44600EAFB9B /* LaunchScreen.storyboard */,
				88315BC41E15E44600EAFB9B /* Info.plist */,
				88883C091E16EBD500CA8DF1 /* GoogleService-Info.plist */,
			);
			path = starwarschat;
			sourceTree = "<group>";
		};
		887B0C8F1E174B8B00BCDF43 /* Helpers */ = {
			isa = PBXGroup;
			children = (
				887B0C901E174BA500BCDF43 /* Extensions.swift */,
			);
			name = Helpers;
			sourceTree = "<group>";
		};
		888D13361E16C7D8007A3D18 /* model */ = {
			isa = PBXGroup;
			children = (
				88D9F2B51E17151C0081E7F7 /* User.swift */,
				88B4D6111E18242000722754 /* Message.swift */,
			);
			name = model;
			sourceTree = "<group>";
		};
		888D13371E16C7E0007A3D18 /* view */ = {
			isa = PBXGroup;
			children = (
				88315BBA1E15E44600EAFB9B /* MessagesController.swift */,
				88883C0B1E170DEA00CA8DF1 /* newMessageController.swift */,
				88883C071E16CAE300CA8DF1 /* loginViewController.swift */,
				88D9F2B71E171F3C0081E7F7 /* loginViewController+handlers.swift */,
				887B0C921E17618500BCDF43 /* ChatLogController.swift */,
				88B4D6131E182F0800722754 /* UserCell.swift */,
				88B4D6151E187B2100722754 /* ChatMessageCell.swift */,
			);
			name = view;
			sourceTree = "<group>";
		};
		F39ED57FDD4F75D8EDA67E26 /* Frameworks */ = {
			isa = PBXGroup;
			children = (
				E40D98EC2CFA7105C3190672 /* Pods_starwarschat.framework */,
			);
			name = Frameworks;
			sourceTree = "<group>";
		};
/* End PBXGroup section */

/* Begin PBXNativeTarget section */
		88315BB41E15E44600EAFB9B /* starwarschat */ = {
			isa = PBXNativeTarget;
			buildConfigurationList = 88315BC71E15E44600EAFB9B /* Build configuration list for PBXNativeTarget "starwarschat" */;
			buildPhases = (
				B265627636B443AB2D399081 /* [CP] Check Pods Manifest.lock */,
				88315BB11E15E44600EAFB9B /* Sources */,
				88315BB21E15E44600EAFB9B /* Frameworks */,
				88315BB31E15E44600EAFB9B /* Resources */,
				A71F8CF48E6EA224386B5810 /* [CP] Embed Pods Frameworks */,
				241BDFD56B6606628A83B502 /* [CP] Copy Pods Resources */,
			);
			buildRules = (
			);
			dependencies = (
			);
			name = starwarschat;
			productName = starwarschat;
			productReference = 88315BB51E15E44600EAFB9B /* starwarschat.app */;
			productType = "com.apple.product-type.application";
		};
/* End PBXNativeTarget section */

/* Begin PBXProject section */
		88315BAD1E15E44600EAFB9B /* Project object */ = {
			isa = PBXProject;
			attributes = {
				LastSwiftUpdateCheck = 0820;
				LastUpgradeCheck = 0820;
				ORGANIZATIONNAME = "Jesse Alltop";
				TargetAttributes = {
					88315BB41E15E44600EAFB9B = {
						CreatedOnToolsVersion = 8.2;
						DevelopmentTeam = 43A7KU2U67;
						ProvisioningStyle = Automatic;
					};
				};
			};
			buildConfigurationList = 88315BB01E15E44600EAFB9B /* Build configuration list for PBXProject "starwarschat" */;
			compatibilityVersion = "Xcode 3.2";
			developmentRegion = English;
			hasScannedForEncodings = 0;
			knownRegions = (
				en,
				Base,
			);
			mainGroup = 88315BAC1E15E44600EAFB9B;
			productRefGroup = 88315BB61E15E44600EAFB9B /* Products */;
			projectDirPath = "";
			projectRoot = "";
			targets = (
				88315BB41E15E44600EAFB9B /* starwarschat */,
			);
		};
/* End PBXProject section */

/* Begin PBXResourcesBuildPhase section */
		88315BB31E15E44600EAFB9B /* Resources */ = {
			isa = PBXResourcesBuildPhase;
			buildActionMask = 2147483647;
			files = (
				88315BC31E15E44600EAFB9B /* LaunchScreen.storyboard in Resources */,
				88315BC01E15E44600EAFB9B /* Assets.xcassets in Resources */,
				88883C0A1E16EBD500CA8DF1 /* GoogleService-Info.plist in Resources */,
			);
			runOnlyForDeploymentPostprocessing = 0;
		};
/* End PBXResourcesBuildPhase section */

/* Begin PBXShellScriptBuildPhase section */
		241BDFD56B6606628A83B502 /* [CP] Copy Pods Resources */ = {
			isa = PBXShellScriptBuildPhase;
			buildActionMask = 2147483647;
			files = (
			);
			inputPaths = (
			);
			name = "[CP] Copy Pods Resources";
			outputPaths = (
			);
			runOnlyForDeploymentPostprocessing = 0;
			shellPath = /bin/sh;
			shellScript = "\"${SRCROOT}/Pods/Target Support Files/Pods-starwarschat/Pods-starwarschat-resources.sh\"\n";
			showEnvVarsInLog = 0;
		};
		A71F8CF48E6EA224386B5810 /* [CP] Embed Pods Frameworks */ = {
			isa = PBXShellScriptBuildPhase;
			buildActionMask = 2147483647;
			files = (
			);
			inputPaths = (
			);
			name = "[CP] Embed Pods Frameworks";
			outputPaths = (
			);
			runOnlyForDeploymentPostprocessing = 0;
			shellPath = /bin/sh;
			shellScript = "\"${SRCROOT}/Pods/Target Support Files/Pods-starwarschat/Pods-starwarschat-frameworks.sh\"\n";
			showEnvVarsInLog = 0;
		};
		B265627636B443AB2D399081 /* [CP] Check Pods Manifest.lock */ = {
			isa = PBXShellScriptBuildPhase;
			buildActionMask = 2147483647;
			files = (
			);
			inputPaths = (
			);
			name = "[CP] Check Pods Manifest.lock";
			outputPaths = (
			);
			runOnlyForDeploymentPostprocessing = 0;
			shellPath = /bin/sh;
			shellScript = "diff \"${PODS_ROOT}/../Podfile.lock\" \"${PODS_ROOT}/Manifest.lock\" > /dev/null\nif [ $? != 0 ] ; then\n    # print error to STDERR\n    echo \"error: The sandbox is not in sync with the Podfile.lock. Run 'pod install' or update your CocoaPods installation.\" >&2\n    exit 1\nfi\n";
			showEnvVarsInLog = 0;
		};
/* End PBXShellScriptBuildPhase section */

/* Begin PBXSourcesBuildPhase section */
		88315BB11E15E44600EAFB9B /* Sources */ = {
			isa = PBXSourcesBuildPhase;
			buildActionMask = 2147483647;
			files = (
				887B0C931E17618500BCDF43 /* ChatLogController.swift in Sources */,
				88883C0C1E170DEA00CA8DF1 /* newMessageController.swift in Sources */,
				88D9F2B81E171F3C0081E7F7 /* loginViewController+handlers.swift in Sources */,
				88B4D6121E18242000722754 /* Message.swift in Sources */,
				88315BBB1E15E44600EAFB9B /* MessagesController.swift in Sources */,
				88315BB91E15E44600EAFB9B /* AppDelegate.swift in Sources */,
				88D9F2B61E17151C0081E7F7 /* User.swift in Sources */,
				88B4D6161E187B2100722754 /* ChatMessageCell.swift in Sources */,
				88883C081E16CAE300CA8DF1 /* loginViewController.swift in Sources */,
				88B4D6141E182F0800722754 /* UserCell.swift in Sources */,
				887B0C911E174BA500BCDF43 /* Extensions.swift in Sources */,
			);
			runOnlyForDeploymentPostprocessing = 0;
		};
/* End PBXSourcesBuildPhase section */

/* Begin PBXVariantGroup section */
		88315BC11E15E44600EAFB9B /* LaunchScreen.storyboard */ = {
			isa = PBXVariantGroup;
			children = (
				88315BC21E15E44600EAFB9B /* Base */,
			);
			name = LaunchScreen.storyboard;
			sourceTree = "<group>";
		};
/* End PBXVariantGroup section */

/* Begin XCBuildConfiguration section */
		88315BC51E15E44600EAFB9B /* Debug */ = {
			isa = XCBuildConfiguration;
			buildSettings = {
				ALWAYS_SEARCH_USER_PATHS = NO;
				CLANG_ANALYZER_NONNULL = YES;
				CLANG_CXX_LANGUAGE_STANDARD = "gnu++0x";
				CLANG_CXX_LIBRARY = "libc++";
				CLANG_ENABLE_MODULES = YES;
				CLANG_ENABLE_OBJC_ARC = YES;
				CLANG_WARN_BOOL_CONVERSION = YES;
				CLANG_WARN_CONSTANT_CONVERSION = YES;
				CLANG_WARN_DIRECT_OBJC_ISA_USAGE = YES_ERROR;
				CLANG_WARN_DOCUMENTATION_COMMENTS = YES;
				CLANG_WARN_EMPTY_BODY = YES;
				CLANG_WARN_ENUM_CONVERSION = YES;
				CLANG_WARN_INFINITE_RECURSION = YES;
				CLANG_WARN_INT_CONVERSION = YES;
				CLANG_WARN_OBJC_ROOT_CLASS = YES_ERROR;
				CLANG_WARN_SUSPICIOUS_MOVE = YES;
				CLANG_WARN_UNREACHABLE_CODE = YES;
				CLANG_WARN__DUPLICATE_METHOD_MATCH = YES;
				"CODE_SIGN_IDENTITY[sdk=iphoneos*]" = "iPhone Developer";
				COPY_PHASE_STRIP = NO;
				DEBUG_INFORMATION_FORMAT = dwarf;
				ENABLE_STRICT_OBJC_MSGSEND = YES;
				ENABLE_TESTABILITY = YES;
				GCC_C_LANGUAGE_STANDARD = gnu99;
				GCC_DYNAMIC_NO_PIC = NO;
				GCC_NO_COMMON_BLOCKS = YES;
				GCC_OPTIMIZATION_LEVEL = 0;
				GCC_PREPROCESSOR_DEFINITIONS = (
					"DEBUG=1",
					"$(inherited)",
				);
				GCC_WARN_64_TO_32_BIT_CONVERSION = YES;
				GCC_WARN_ABOUT_RETURN_TYPE = YES_ERROR;
				GCC_WARN_UNDECLARED_SELECTOR = YES;
				GCC_WARN_UNINITIALIZED_AUTOS = YES_AGGRESSIVE;
				GCC_WARN_UNUSED_FUNCTION = YES;
				GCC_WARN_UNUSED_VARIABLE = YES;
				IPHONEOS_DEPLOYMENT_TARGET = 10.2;
				MTL_ENABLE_DEBUG_INFO = YES;
				ONLY_ACTIVE_ARCH = YES;
				SDKROOT = iphoneos;
				SWIFT_ACTIVE_COMPILATION_CONDITIONS = DEBUG;
				SWIFT_OPTIMIZATION_LEVEL = "-Onone";
				TARGETED_DEVICE_FAMILY = "1,2";
			};
			name = Debug;
		};
		88315BC61E15E44600EAFB9B /* Release */ = {
			isa = XCBuildConfiguration;
			buildSettings = {
				ALWAYS_SEARCH_USER_PATHS = NO;
				CLANG_ANALYZER_NONNULL = YES;
				CLANG_CXX_LANGUAGE_STANDARD = "gnu++0x";
				CLANG_CXX_LIBRARY = "libc++";
				CLANG_ENABLE_MODULES = YES;
				CLANG_ENABLE_OBJC_ARC = YES;
				CLANG_WARN_BOOL_CONVERSION = YES;
				CLANG_WARN_CONSTANT_CONVERSION = YES;
				CLANG_WARN_DIRECT_OBJC_ISA_USAGE = YES_ERROR;
				CLANG_WARN_DOCUMENTATION_COMMENTS = YES;
				CLANG_WARN_EMPTY_BODY = YES;
				CLANG_WARN_ENUM_CONVERSION = YES;
				CLANG_WARN_INFINITE_RECURSION = YES;
				CLANG_WARN_INT_CONVERSION = YES;
				CLANG_WARN_OBJC_ROOT_CLASS = YES_ERROR;
				CLANG_WARN_SUSPICIOUS_MOVE = YES;
				CLANG_WARN_UNREACHABLE_CODE = YES;
				CLANG_WARN__DUPLICATE_METHOD_MATCH = YES;
				"CODE_SIGN_IDENTITY[sdk=iphoneos*]" = "iPhone Developer";
				COPY_PHASE_STRIP = NO;
				DEBUG_INFORMATION_FORMAT = "dwarf-with-dsym";
				ENABLE_NS_ASSERTIONS = NO;
				ENABLE_STRICT_OBJC_MSGSEND = YES;
				GCC_C_LANGUAGE_STANDARD = gnu99;
				GCC_NO_COMMON_BLOCKS = YES;
				GCC_WARN_64_TO_32_BIT_CONVERSION = YES;
				GCC_WARN_ABOUT_RETURN_TYPE = YES_ERROR;
				GCC_WARN_UNDECLARED_SELECTOR = YES;
				GCC_WARN_UNINITIALIZED_AUTOS = YES_AGGRESSIVE;
				GCC_WARN_UNUSED_FUNCTION = YES;
				GCC_WARN_UNUSED_VARIABLE = YES;
				IPHONEOS_DEPLOYMENT_TARGET = 10.2;
				MTL_ENABLE_DEBUG_INFO = NO;
				SDKROOT = iphoneos;
				SWIFT_OPTIMIZATION_LEVEL = "-Owholemodule";
				TARGETED_DEVICE_FAMILY = "1,2";
				VALIDATE_PRODUCT = YES;
			};
			name = Release;
		};
		88315BC81E15E44600EAFB9B /* Debug */ = {
			isa = XCBuildConfiguration;
			baseConfigurationReference = CC5F685FABFF01DEAC50709C /* Pods-starwarschat.debug.xcconfig */;
			buildSettings = {
				ASSETCATALOG_COMPILER_APPICON_NAME = AppIcon;
				DEVELOPMENT_TEAM = 43A7KU2U67;
				INFOPLIST_FILE = starwarschat/Info.plist;
				LD_RUNPATH_SEARCH_PATHS = "$(inherited) @executable_path/Frameworks";
				PRODUCT_BUNDLE_IDENTIFIER = com.alltopafi.starwarschat;
				PRODUCT_NAME = "$(TARGET_NAME)";
				SWIFT_VERSION = 3.0;
			};
			name = Debug;
		};
		88315BC91E15E44600EAFB9B /* Release */ = {
			isa = XCBuildConfiguration;
			baseConfigurationReference = E9784A8AE799614A4DC01D30 /* Pods-starwarschat.release.xcconfig */;
			buildSettings = {
				ASSETCATALOG_COMPILER_APPICON_NAME = AppIcon;
				DEVELOPMENT_TEAM = 43A7KU2U67;
				INFOPLIST_FILE = starwarschat/Info.plist;
				LD_RUNPATH_SEARCH_PATHS = "$(inherited) @executable_path/Frameworks";
				PRODUCT_BUNDLE_IDENTIFIER = com.alltopafi.starwarschat;
				PRODUCT_NAME = "$(TARGET_NAME)";
				SWIFT_VERSION = 3.0;
			};
			name = Release;
		};
/* End XCBuildConfiguration section */

/* Begin XCConfigurationList section */
		88315BB01E15E44600EAFB9B /* Build configuration list for PBXProject "starwarschat" */ = {
			isa = XCConfigurationList;
			buildConfigurations = (
				88315BC51E15E44600EAFB9B /* Debug */,
				88315BC61E15E44600EAFB9B /* Release */,
			);
			defaultConfigurationIsVisible = 0;
			defaultConfigurationName = Release;
		};
		88315BC71E15E44600EAFB9B /* Build configuration list for PBXNativeTarget "starwarschat" */ = {
			isa = XCConfigurationList;
			buildConfigurations = (
				88315BC81E15E44600EAFB9B /* Debug */,
				88315BC91E15E44600EAFB9B /* Release */,
			);
			defaultConfigurationIsVisible = 0;
			defaultConfigurationName = Release;
		};
/* End XCConfigurationList section */
	};
	rootObject = 88315BAD1E15E44600EAFB9B /* Project object */;
}
